
Microsoft Visual Studio Solution File, Format Version 12.00
# Visual Studio Version 17
VisualStudioVersion = 17.2.32616.157
MinimumVisualStudioVersion = 10.0.40219.1
Project("{FAE04EC0-301F-11D3-BF4B-00C04F79EFBC}") = "HelloWorld", "HelloWorld\HelloWorld.csproj", "{B3F89375-EF12-4A64-A284-59CD26E3C551}"
EndProject
Global
	GlobalSection(SolutionConfigurationPlatforms) = preSolution
		Debug|Any CPU = Debug|Any CPU
		Release|Any CPU = Release|Any CPU
	EndGlobalSection
	GlobalSection(ProjectConfigurationPlatforms) = postSolution
		{B3F89375-EF12-4A64-A284-59CD26E3C551}.Debug|Any CPU.ActiveCfg = Debug|Any CPU
		{B3F89375-EF12-4A64-A284-59CD26E3C551}.Debug|Any CPU.Build.0 = Debug|Any CPU
		{B3F89375-EF12-4A64-A284-59CD26E3C551}.Release|Any CPU.ActiveCfg = Release|Any CPU
		{B3F89375-EF12-4A64-A284-59CD26E3C551}.Release|Any CPU.Build.0 = Release|Any CPU
	EndGlobalSection
	GlobalSection(SolutionProperties) = preSolution
		HideSolutionNode = FALSE
	EndGlobalSection
	GlobalSection(ExtensibilityGlobals) = postSolution
		SolutionGuid = {2F326B16-5F2A-41A1-AAE5-6819C6221CAA}
	EndGlobalSection
EndGlobal
